
Microsoft Visual Studio Solution File, Format Version 12.00
# Visual Studio 15
VisualStudioVersion = 15.0.27130.2036
MinimumVisualStudioVersion = 10.0.40219.1
Project("{FAE04EC0-301F-11D3-BF4B-00C04F79EFBC}") = "XMLReaderBRLib", "..\..\..\Desktop\it-20180305T200638Z-001\test schema\XMLReaderBR.xsd.Output\SourceCodeCS\XMLReaderBRLib.csproj", "{559F21E5-1C1E-4DCA-B68D-93C58409BDF0}"
EndProject
Global
	GlobalSection(SolutionConfigurationPlatforms) = preSolution
		Debug|Any CPU = Debug|Any CPU
		Release|Any CPU = Release|Any CPU
	EndGlobalSection
	GlobalSection(ProjectConfigurationPlatforms) = postSolution
		{559F21E5-1C1E-4DCA-B68D-93C58409BDF0}.Debug|Any CPU.ActiveCfg = Debug|Any CPU
		{559F21E5-1C1E-4DCA-B68D-93C58409BDF0}.Debug|Any CPU.Build.0 = Debug|Any CPU
		{559F21E5-1C1E-4DCA-B68D-93C58409BDF0}.Release|Any CPU.ActiveCfg = Release|Any CPU
		{559F21E5-1C1E-4DCA-B68D-93C58409BDF0}.Release|Any CPU.Build.0 = Release|Any CPU
	EndGlobalSection
	GlobalSection(SolutionProperties) = preSolution
		HideSolutionNode = FALSE
	EndGlobalSection
	GlobalSection(ExtensibilityGlobals) = postSolution
		SolutionGuid = {2A5ADCF9-22C9-4CC7-AFCD-37C49994D957}
	EndGlobalSection
EndGlobal
